
Microsoft Visual Studio Solution File, Format Version 12.00
# Visual Studio Version 17
VisualStudioVersion = 17.4.33103.184
MinimumVisualStudioVersion = 10.0.40219.1
Project("{FAE04EC0-301F-11D3-BF4B-00C04F79EFBC}") = "ConcatCompareOrnek", "ConcatCompareOrnek.csproj", "{03EA8558-7BE4-4945-A995-DC1DCEADB944}"
EndProject
Global
	GlobalSection(SolutionConfigurationPlatforms) = preSolution
		Debug|Any CPU = Debug|Any CPU
		Release|Any CPU = Release|Any CPU
	EndGlobalSection
	GlobalSection(ProjectConfigurationPlatforms) = postSolution
		{03EA8558-7BE4-4945-A995-DC1DCEADB944}.Debug|Any CPU.ActiveCfg = Debug|Any CPU
		{03EA8558-7BE4-4945-A995-DC1DCEADB944}.Debug|Any CPU.Build.0 = Debug|Any CPU
		{03EA8558-7BE4-4945-A995-DC1DCEADB944}.Release|Any CPU.ActiveCfg = Release|Any CPU
		{03EA8558-7BE4-4945-A995-DC1DCEADB944}.Release|Any CPU.Build.0 = Release|Any CPU
	EndGlobalSection
	GlobalSection(SolutionProperties) = preSolution
		HideSolutionNode = FALSE
	EndGlobalSection
	GlobalSection(ExtensibilityGlobals) = postSolution
		SolutionGuid = {7A819FDA-7085-4443-B23A-805604F3EB60}
	EndGlobalSection
EndGlobal
